# THIS IS AN AUTOGENERATED FILE. DO NOT EDIT THIS FILE DIRECTLY.
# yarn lockfile v1


string-crypto@^3.0.2:
  version "3.0.2"
  resolved "https://registry.yarnpkg.com/string-crypto/-/string-crypto-3.0.2.tgz#5e209b9390c9abff8e5517a13abf0f52c9936476"
  integrity sha512-o8IO2PBS2BXFicN9xvvLxFoaZP9Wm7Qm0djOWX6SOChgZYr54yLTa8lLDsUzA99D/wPp7qxSABYsVUh2n182nQ==
